
Microsoft Visual Studio Solution File, Format Version 12.00
# Visual Studio Version 16
VisualStudioVersion = 16.0.31321.278
MinimumVisualStudioVersion = 10.0.40219.1
Project("{9A19103F-16F7-4668-BE54-9A1E7A4F7556}") = "NetworkGenerator", "NetworkGenerator\NetworkGenerator.csproj", "{9D3DB2C5-1FC9-4D0A-A105-985F8821EB79}"
EndProject
Project("{9A19103F-16F7-4668-BE54-9A1E7A4F7556}") = "Network", "Network\Network.csproj", "{7EDC026F-D672-4C5F-AA09-C8D7DD468064}"
EndProject
Project("{9A19103F-16F7-4668-BE54-9A1E7A4F7556}") = "NetworkGameBackend", "NetworkGameBackend\NetworkGameBackend.csproj", "{575E8A98-5FEA-4BB1-8203-E2D559D3C5A4}"
EndProject
Project("{9A19103F-16F7-4668-BE54-9A1E7A4F7556}") = "NetworkGameDataCollector", "NetworkGameDataCollector\NetworkGameDataCollector.csproj", "{23E681C9-198E-4D73-AFB4-8432FD73D479}"
EndProject
Project("{9A19103F-16F7-4668-BE54-9A1E7A4F7556}") = "NetworkUtils", "NetworkUtils\NetworkUtils.csproj", "{D6E2A6AD-E47E-45EE-BBA6-D6EAB5BE144F}"
EndProject
Project("{9A19103F-16F7-4668-BE54-9A1E7A4F7556}") = "NetworkGameFrontend", "NetworkGameFrontend\NetworkGameFrontend.csproj", "{6647DD8E-086E-4872-8589-B2A89F6AC5C4}"
EndProject
Project("{FAE04EC0-301F-11D3-BF4B-00C04F79EFBC}") = "PythonIntegration", "PythonIntegration\PythonIntegration.csproj", "{BD957C8D-B0D6-44AA-97D6-682698528DBC}"
EndProject
Global
	GlobalSection(SolutionConfigurationPlatforms) = preSolution
		Debug|Any CPU = Debug|Any CPU
		Debug|ARM = Debug|ARM
		Debug|ARM64 = Debug|ARM64
		Debug|x64 = Debug|x64
		Debug|x86 = Debug|x86
		Release|Any CPU = Release|Any CPU
		Release|ARM = Release|ARM
		Release|ARM64 = Release|ARM64
		Release|x64 = Release|x64
		Release|x86 = Release|x86
	EndGlobalSection
	GlobalSection(ProjectConfigurationPlatforms) = postSolution
		{9D3DB2C5-1FC9-4D0A-A105-985F8821EB79}.Debug|Any CPU.ActiveCfg = Debug|Any CPU
		{9D3DB2C5-1FC9-4D0A-A105-985F8821EB79}.Debug|Any CPU.Build.0 = Debug|Any CPU
		{9D3DB2C5-1FC9-4D0A-A105-985F8821EB79}.Debug|ARM.ActiveCfg = Debug|Any CPU
		{9D3DB2C5-1FC9-4D0A-A105-985F8821EB79}.Debug|ARM.Build.0 = Debug|Any CPU
		{9D3DB2C5-1FC9-4D0A-A105-985F8821EB79}.Debug|ARM64.ActiveCfg = Debug|Any CPU
		{9D3DB2C5-1FC9-4D0A-A105-985F8821EB79}.Debug|ARM64.Build.0 = Debug|Any CPU
		{9D3DB2C5-1FC9-4D0A-A105-985F8821EB79}.Debug|x64.ActiveCfg = Debug|Any CPU
		{9D3DB2C5-1FC9-4D0A-A105-985F8821EB79}.Debug|x64.Build.0 = Debug|Any CPU
		{9D3DB2C5-1FC9-4D0A-A105-985F8821EB79}.Debug|x86.ActiveCfg = Debug|Any CPU
		{9D3DB2C5-1FC9-4D0A-A105-985F8821EB79}.Debug|x86.Build.0 = Debug|Any CPU
		{9D3DB2C5-1FC9-4D0A-A105-985F8821EB79}.Release|Any CPU.ActiveCfg = Release|Any CPU
		{9D3DB2C5-1FC9-4D0A-A105-985F8821EB79}.Release|Any CPU.Build.0 = Release|Any CPU
		{9D3DB2C5-1FC9-4D0A-A105-985F8821EB79}.Release|ARM.ActiveCfg = Release|Any CPU
		{9D3DB2C5-1FC9-4D0A-A105-985F8821EB79}.Release|ARM.Build.0 = Release|Any CPU
		{9D3DB2C5-1FC9-4D0A-A105-985F8821EB79}.Release|ARM64.ActiveCfg = Release|Any CPU
		{9D3DB2C5-1FC9-4D0A-A105-985F8821EB79}.Release|ARM64.Build.0 = Release|Any CPU
		{9D3DB2C5-1FC9-4D0A-A105-985F8821EB79}.Release|x64.ActiveCfg = Release|Any CPU
		{9D3DB2C5-1FC9-4D0A-A105-985F8821EB79}.Release|x64.Build.0 = Release|Any CPU
		{9D3DB2C5-1FC9-4D0A-A105-985F8821EB79}.Release|x86.ActiveCfg = Release|Any CPU
		{9D3DB2C5-1FC9-4D0A-A105-985F8821EB79}.Release|x86.Build.0 = Release|Any CPU
		{7EDC026F-D672-4C5F-AA09-C8D7DD468064}.Debug|Any CPU.ActiveCfg = Debug|Any CPU
		{7EDC026F-D672-4C5F-AA09-C8D7DD468064}.Debug|Any CPU.Build.0 = Debug|Any CPU
		{7EDC026F-D672-4C5F-AA09-C8D7DD468064}.Debug|ARM.ActiveCfg = Debug|Any CPU
		{7EDC026F-D672-4C5F-AA09-C8D7DD468064}.Debug|ARM.Build.0 = Debug|Any CPU
		{7EDC026F-D672-4C5F-AA09-C8D7DD468064}.Debug|ARM64.ActiveCfg = Debug|Any CPU
		{7EDC026F-D672-4C5F-AA09-C8D7DD468064}.Debug|ARM64.Build.0 = Debug|Any CPU
		{7EDC026F-D672-4C5F-AA09-C8D7DD468064}.Debug|x64.ActiveCfg = Debug|Any CPU
		{7EDC026F-D672-4C5F-AA09-C8D7DD468064}.Debug|x64.Build.0 = Debug|Any CPU
		{7EDC026F-D672-4C5F-AA09-C8D7DD468064}.Debug|x86.ActiveCfg = Debug|Any CPU
		{7EDC026F-D672-4C5F-AA09-C8D7DD468064}.Debug|x86.Build.0 = Debug|Any CPU
		{7EDC026F-D672-4C5F-AA09-C8D7DD468064}.Release|Any CPU.ActiveCfg = Release|Any CPU
		{7EDC026F-D672-4C5F-AA09-C8D7DD468064}.Release|Any CPU.Build.0 = Release|Any CPU
		{7EDC026F-D672-4C5F-AA09-C8D7DD468064}.Release|ARM.ActiveCfg = Release|Any CPU
		{7EDC026F-D672-4C5F-AA09-C8D7DD468064}.Release|ARM.Build.0 = Release|Any CPU
		{7EDC026F-D672-4C5F-AA09-C8D7DD468064}.Release|ARM64.ActiveCfg = Release|Any CPU
		{7EDC026F-D672-4C5F-AA09-C8D7DD468064}.Release|ARM64.Build.0 = Release|Any CPU
		{7EDC026F-D672-4C5F-AA09-C8D7DD468064}.Release|x64.ActiveCfg = Release|Any CPU
		{7EDC026F-D672-4C5F-AA09-C8D7DD468064}.Release|x64.Build.0 = Release|Any CPU
		{7EDC026F-D672-4C5F-AA09-C8D7DD468064}.Release|x86.ActiveCfg = Release|Any CPU
		{7EDC026F-D672-4C5F-AA09-C8D7DD468064}.Release|x86.Build.0 = Release|Any CPU
		{575E8A98-5FEA-4BB1-8203-E2D559D3C5A4}.Debug|Any CPU.ActiveCfg = Debug|Any CPU
		{575E8A98-5FEA-4BB1-8203-E2D559D3C5A4}.Debug|Any CPU.Build.0 = Debug|Any CPU
		{575E8A98-5FEA-4BB1-8203-E2D559D3C5A4}.Debug|ARM.ActiveCfg = Debug|Any CPU
		{575E8A98-5FEA-4BB1-8203-E2D559D3C5A4}.Debug|ARM.Build.0 = Debug|Any CPU
		{575E8A98-5FEA-4BB1-8203-E2D559D3C5A4}.Debug|ARM64.ActiveCfg = Debug|Any CPU
		{575E8A98-5FEA-4BB1-8203-E2D559D3C5A4}.Debug|ARM64.Build.0 = Debug|Any CPU
		{575E8A98-5FEA-4BB1-8203-E2D559D3C5A4}.Debug|x64.ActiveCfg = Debug|Any CPU
		{575E8A98-5FEA-4BB1-8203-E2D559D3C5A4}.Debug|x64.Build.0 = Debug|Any CPU
		{575E8A98-5FEA-4BB1-8203-E2D559D3C5A4}.Debug|x86.ActiveCfg = Debug|Any CPU
		{575E8A98-5FEA-4BB1-8203-E2D559D3C5A4}.Debug|x86.Build.0 = Debug|Any CPU
		{575E8A98-5FEA-4BB1-8203-E2D559D3C5A4}.Release|Any CPU.ActiveCfg = Release|Any CPU
		{575E8A98-5FEA-4BB1-8203-E2D559D3C5A4}.Release|Any CPU.Build.0 = Release|Any CPU
		{575E8A98-5FEA-4BB1-8203-E2D559D3C5A4}.Release|ARM.ActiveCfg = Release|Any CPU
		{575E8A98-5FEA-4BB1-8203-E2D559D3C5A4}.Release|ARM.Build.0 = Release|Any CPU
		{575E8A98-5FEA-4BB1-8203-E2D559D3C5A4}.Release|ARM64.ActiveCfg = Release|Any CPU
		{575E8A98-5FEA-4BB1-8203-E2D559D3C5A4}.Release|ARM64.Build.0 = Release|Any CPU
		{575E8A98-5FEA-4BB1-8203-E2D559D3C5A4}.Release|x64.ActiveCfg = Release|Any CPU
		{575E8A98-5FEA-4BB1-8203-E2D559D3C5A4}.Release|x64.Build.0 = Release|Any CPU
		{575E8A98-5FEA-4BB1-8203-E2D559D3C5A4}.Release|x86.ActiveCfg = Release|Any CPU
		{575E8A98-5FEA-4BB1-8203-E2D559D3C5A4}.Release|x86.Build.0 = Release|Any CPU
		{23E681C9-198E-4D73-AFB4-8432FD73D479}.Debug|Any CPU.ActiveCfg = Debug|Any CPU
		{23E681C9-198E-4D73-AFB4-8432FD73D479}.Debug|Any CPU.Build.0 = Debug|Any CPU
		{23E681C9-198E-4D73-AFB4-8432FD73D479}.Debug|ARM.ActiveCfg = Debug|Any CPU
		{23E681C9-198E-4D73-AFB4-8432FD73D479}.Debug|ARM.Build.0 = Debug|Any CPU
		{23E681C9-198E-4D73-AFB4-8432FD73D479}.Debug|ARM64.ActiveCfg = Debug|Any CPU
		{23E681C9-198E-4D73-AFB4-8432FD73D479}.Debug|ARM64.Build.0 = Debug|Any CPU
		{23E681C9-198E-4D73-AFB4-8432FD73D479}.Debug|x64.ActiveCfg = Debug|Any CPU
		{23E681C9-198E-4D73-AFB4-8432FD73D479}.Debug|x64.Build.0 = Debug|Any CPU
		{23E681C9-198E-4D73-AFB4-8432FD73D479}.Debug|x86.ActiveCfg = Debug|Any CPU
		{23E681C9-198E-4D73-AFB4-8432FD73D479}.Debug|x86.Build.0 = Debug|Any CPU
		{23E681C9-198E-4D73-AFB4-8432FD73D479}.Release|Any CPU.ActiveCfg = Release|Any CPU
		{23E681C9-198E-4D73-AFB4-8432FD73D479}.Release|Any CPU.Build.0 = Release|Any CPU
		{23E681C9-198E-4D73-AFB4-8432FD73D479}.Release|ARM.ActiveCfg = Release|Any CPU
		{23E681C9-198E-4D73-AFB4-8432FD73D479}.Release|ARM.Build.0 = Release|Any CPU
		{23E681C9-198E-4D73-AFB4-8432FD73D479}.Release|ARM64.ActiveCfg = Release|Any CPU
		{23E681C9-198E-4D73-AFB4-8432FD73D479}.Release|ARM64.Build.0 = Release|Any CPU
		{23E681C9-198E-4D73-AFB4-8432FD73D479}.Release|x64.ActiveCfg = Release|Any CPU
		{23E681C9-198E-4D73-AFB4-8432FD73D479}.Release|x64.Build.0 = Release|Any CPU
		{23E681C9-198E-4D73-AFB4-8432FD73D479}.Release|x86.ActiveCfg = Release|Any CPU
		{23E681C9-198E-4D73-AFB4-8432FD73D479}.Release|x86.Build.0 = Release|Any CPU
		{D6E2A6AD-E47E-45EE-BBA6-D6EAB5BE144F}.Debug|Any CPU.ActiveCfg = Debug|Any CPU
		{D6E2A6AD-E47E-45EE-BBA6-D6EAB5BE144F}.Debug|Any CPU.Build.0 = Debug|Any CPU
		{D6E2A6AD-E47E-45EE-BBA6-D6EAB5BE144F}.Debug|ARM.ActiveCfg = Debug|Any CPU
		{D6E2A6AD-E47E-45EE-BBA6-D6EAB5BE144F}.Debug|ARM.Build.0 = Debug|Any CPU
		{D6E2A6AD-E47E-45EE-BBA6-D6EAB5BE144F}.Debug|ARM64.ActiveCfg = Debug|Any CPU
		{D6E2A6AD-E47E-45EE-BBA6-D6EAB5BE144F}.Debug|ARM64.Build.0 = Debug|Any CPU
		{D6E2A6AD-E47E-45EE-BBA6-D6EAB5BE144F}.Debug|x64.ActiveCfg = Debug|Any CPU
		{D6E2A6AD-E47E-45EE-BBA6-D6EAB5BE144F}.Debug|x64.Build.0 = Debug|Any CPU
		{D6E2A6AD-E47E-45EE-BBA6-D6EAB5BE144F}.Debug|x86.ActiveCfg = Debug|Any CPU
		{D6E2A6AD-E47E-45EE-BBA6-D6EAB5BE144F}.Debug|x86.Build.0 = Debug|Any CPU
		{D6E2A6AD-E47E-45EE-BBA6-D6EAB5BE144F}.Release|Any CPU.ActiveCfg = Release|Any CPU
		{D6E2A6AD-E47E-45EE-BBA6-D6EAB5BE144F}.Release|Any CPU.Build.0 = Release|Any CPU
		{D6E2A6AD-E47E-45EE-BBA6-D6EAB5BE144F}.Release|ARM.ActiveCfg = Release|Any CPU
		{D6E2A6AD-E47E-45EE-BBA6-D6EAB5BE144F}.Release|ARM.Build.0 = Release|Any CPU
		{D6E2A6AD-E47E-45EE-BBA6-D6EAB5BE144F}.Release|ARM64.ActiveCfg = Release|Any CPU
		{D6E2A6AD-E47E-45EE-BBA6-D6EAB5BE144F}.Release|ARM64.Build.0 = Release|Any CPU
		{D6E2A6AD-E47E-45EE-BBA6-D6EAB5BE144F}.Release|x64.ActiveCfg = Release|Any CPU
		{D6E2A6AD-E47E-45EE-BBA6-D6EAB5BE144F}.Release|x64.Build.0 = Release|Any CPU
		{D6E2A6AD-E47E-45EE-BBA6-D6EAB5BE144F}.Release|x86.ActiveCfg = Release|Any CPU
		{D6E2A6AD-E47E-45EE-BBA6-D6EAB5BE144F}.Release|x86.Build.0 = Release|Any CPU
		{6647DD8E-086E-4872-8589-B2A89F6AC5C4}.Debug|Any CPU.ActiveCfg = Debug|Any CPU
		{6647DD8E-086E-4872-8589-B2A89F6AC5C4}.Debug|Any CPU.Build.0 = Debug|Any CPU
		{6647DD8E-086E-4872-8589-B2A89F6AC5C4}.Debug|ARM.ActiveCfg = Debug|Any CPU
		{6647DD8E-086E-4872-8589-B2A89F6AC5C4}.Debug|ARM.Build.0 = Debug|Any CPU
		{6647DD8E-086E-4872-8589-B2A89F6AC5C4}.Debug|ARM64.ActiveCfg = Debug|Any CPU
		{6647DD8E-086E-4872-8589-B2A89F6AC5C4}.Debug|ARM64.Build.0 = Debug|Any CPU
		{6647DD8E-086E-4872-8589-B2A89F6AC5C4}.Debug|x64.ActiveCfg = Debug|Any CPU
		{6647DD8E-086E-4872-8589-B2A89F6AC5C4}.Debug|x64.Build.0 = Debug|Any CPU
		{6647DD8E-086E-4872-8589-B2A89F6AC5C4}.Debug|x86.ActiveCfg = Debug|Any CPU
		{6647DD8E-086E-4872-8589-B2A89F6AC5C4}.Debug|x86.Build.0 = Debug|Any CPU
		{6647DD8E-086E-4872-8589-B2A89F6AC5C4}.Release|Any CPU.ActiveCfg = Release|Any CPU
		{6647DD8E-086E-4872-8589-B2A89F6AC5C4}.Release|Any CPU.Build.0 = Release|Any CPU
		{6647DD8E-086E-4872-8589-B2A89F6AC5C4}.Release|ARM.ActiveCfg = Release|Any CPU
		{6647DD8E-086E-4872-8589-B2A89F6AC5C4}.Release|ARM.Build.0 = Release|Any CPU
		{6647DD8E-086E-4872-8589-B2A89F6AC5C4}.Release|ARM64.ActiveCfg = Release|Any CPU
		{6647DD8E-086E-4872-8589-B2A89F6AC5C4}.Release|ARM64.Build.0 = Release|Any CPU
		{6647DD8E-086E-4872-8589-B2A89F6AC5C4}.Release|x64.ActiveCfg = Release|Any CPU
		{6647DD8E-086E-4872-8589-B2A89F6AC5C4}.Release|x64.Build.0 = Release|Any CPU
		{6647DD8E-086E-4872-8589-B2A89F6AC5C4}.Release|x86.ActiveCfg = Release|Any CPU
		{6647DD8E-086E-4872-8589-B2A89F6AC5C4}.Release|x86.Build.0 = Release|Any CPU
		{BD957C8D-B0D6-44AA-97D6-682698528DBC}.Debug|Any CPU.ActiveCfg = Debug|Any CPU
		{BD957C8D-B0D6-44AA-97D6-682698528DBC}.Debug|Any CPU.Build.0 = Debug|Any CPU
		{BD957C8D-B0D6-44AA-97D6-682698528DBC}.Debug|ARM.ActiveCfg = Debug|Any CPU
		{BD957C8D-B0D6-44AA-97D6-682698528DBC}.Debug|ARM.Build.0 = Debug|Any CPU
		{BD957C8D-B0D6-44AA-97D6-682698528DBC}.Debug|ARM64.ActiveCfg = Debug|Any CPU
		{BD957C8D-B0D6-44AA-97D6-682698528DBC}.Debug|ARM64.Build.0 = Debug|Any CPU
		{BD957C8D-B0D6-44AA-97D6-682698528DBC}.Debug|x64.ActiveCfg = Debug|Any CPU
		{BD957C8D-B0D6-44AA-97D6-682698528DBC}.Debug|x64.Build.0 = Debug|Any CPU
		{BD957C8D-B0D6-44AA-97D6-682698528DBC}.Debug|x86.ActiveCfg = Debug|Any CPU
		{BD957C8D-B0D6-44AA-97D6-682698528DBC}.Debug|x86.Build.0 = Debug|Any CPU
		{BD957C8D-B0D6-44AA-97D6-682698528DBC}.Release|Any CPU.ActiveCfg = Release|Any CPU
		{BD957C8D-B0D6-44AA-97D6-682698528DBC}.Release|Any CPU.Build.0 = Release|Any CPU
		{BD957C8D-B0D6-44AA-97D6-682698528DBC}.Release|ARM.ActiveCfg = Release|Any CPU
		{BD957C8D-B0D6-44AA-97D6-682698528DBC}.Release|ARM.Build.0 = Release|Any CPU
		{BD957C8D-B0D6-44AA-97D6-682698528DBC}.Release|ARM64.ActiveCfg = Release|Any CPU
		{BD957C8D-B0D6-44AA-97D6-682698528DBC}.Release|ARM64.Build.0 = Release|Any CPU
		{BD957C8D-B0D6-44AA-97D6-682698528DBC}.Release|x64.ActiveCfg = Release|Any CPU
		{BD957C8D-B0D6-44AA-97D6-682698528DBC}.Release|x64.Build.0 = Release|Any CPU
		{BD957C8D-B0D6-44AA-97D6-682698528DBC}.Release|x86.ActiveCfg = Release|Any CPU
		{BD957C8D-B0D6-44AA-97D6-682698528DBC}.Release|x86.Build.0 = Release|Any CPU
	EndGlobalSection
	GlobalSection(SolutionProperties) = preSolution
		HideSolutionNode = FALSE
	EndGlobalSection
	GlobalSection(ExtensibilityGlobals) = postSolution
		SolutionGuid = {720D1E35-B8C9-4EF7-B0FC-73193CE3E8DA}
	EndGlobalSection
EndGlobal
